
Microsoft Visual Studio Solution File, Format Version 12.00
# Visual Studio Version 17
VisualStudioVersion = 17.11.35303.130
MinimumVisualStudioVersion = 10.0.40219.1
Project("{FAE04EC0-301F-11D3-BF4B-00C04F79EFBC}") = "Lab06", "Lab06.csproj", "{0A2307A3-239B-4DEA-8DAE-AE66B8D2DCCF}"
EndProject
Global
	GlobalSection(SolutionConfigurationPlatforms) = preSolution
		Debug|Any CPU = Debug|Any CPU
		Release|Any CPU = Release|Any CPU
	EndGlobalSection
	GlobalSection(ProjectConfigurationPlatforms) = postSolution
		{0A2307A3-239B-4DEA-8DAE-AE66B8D2DCCF}.Debug|Any CPU.ActiveCfg = Debug|Any CPU
		{0A2307A3-239B-4DEA-8DAE-AE66B8D2DCCF}.Debug|Any CPU.Build.0 = Debug|Any CPU
		{0A2307A3-239B-4DEA-8DAE-AE66B8D2DCCF}.Release|Any CPU.ActiveCfg = Release|Any CPU
		{0A2307A3-239B-4DEA-8DAE-AE66B8D2DCCF}.Release|Any CPU.Build.0 = Release|Any CPU
	EndGlobalSection
	GlobalSection(SolutionProperties) = preSolution
		HideSolutionNode = FALSE
	EndGlobalSection
	GlobalSection(ExtensibilityGlobals) = postSolution
		SolutionGuid = {13166DFA-3130-4F70-9A28-3F5FA02B7775}
	EndGlobalSection
EndGlobal
